
Microsoft Visual Studio Solution File, Format Version 12.00
# Visual Studio Version 17
VisualStudioVersion = 17.5.33424.131
MinimumVisualStudioVersion = 10.0.40219.1
Project("{FAE04EC0-301F-11D3-BF4B-00C04F79EFBC}") = "TodoApi", "TodoApi.csproj", "{3A0B03C3-C1F9-489E-9CBB-3540B4E10E49}"
EndProject
Global
	GlobalSection(SolutionConfigurationPlatforms) = preSolution
		Debug|Any CPU = Debug|Any CPU
		Release|Any CPU = Release|Any CPU
	EndGlobalSection
	GlobalSection(ProjectConfigurationPlatforms) = postSolution
		{3A0B03C3-C1F9-489E-9CBB-3540B4E10E49}.Debug|Any CPU.ActiveCfg = Debug|Any CPU
		{3A0B03C3-C1F9-489E-9CBB-3540B4E10E49}.Debug|Any CPU.Build.0 = Debug|Any CPU
		{3A0B03C3-C1F9-489E-9CBB-3540B4E10E49}.Release|Any CPU.ActiveCfg = Release|Any CPU
		{3A0B03C3-C1F9-489E-9CBB-3540B4E10E49}.Release|Any CPU.Build.0 = Release|Any CPU
	EndGlobalSection
	GlobalSection(SolutionProperties) = preSolution
		HideSolutionNode = FALSE
	EndGlobalSection
	GlobalSection(ExtensibilityGlobals) = postSolution
		SolutionGuid = {597DF264-AB17-44B4-BDEE-0ED21E9D142E}
	EndGlobalSection
EndGlobal
